
Microsoft Visual Studio Solution File, Format Version 12.00
# Visual Studio 15
VisualStudioVersion = 15.0.27004.2002
MinimumVisualStudioVersion = 10.0.40219.1
Project("{FAE04EC0-301F-11D3-BF4B-00C04F79EFBC}") = "RadWizardTest", "RadWizardTest\RadWizardTest.csproj", "{19B54F90-1305-4E13-86DB-1DC55F5E9E8D}"
EndProject
Global
	GlobalSection(SolutionConfigurationPlatforms) = preSolution
		Debug|Any CPU = Debug|Any CPU
		Release|Any CPU = Release|Any CPU
	EndGlobalSection
	GlobalSection(ProjectConfigurationPlatforms) = postSolution
		{19B54F90-1305-4E13-86DB-1DC55F5E9E8D}.Debug|Any CPU.ActiveCfg = Debug|Any CPU
		{19B54F90-1305-4E13-86DB-1DC55F5E9E8D}.Debug|Any CPU.Build.0 = Debug|Any CPU
		{19B54F90-1305-4E13-86DB-1DC55F5E9E8D}.Release|Any CPU.ActiveCfg = Release|Any CPU
		{19B54F90-1305-4E13-86DB-1DC55F5E9E8D}.Release|Any CPU.Build.0 = Release|Any CPU
	EndGlobalSection
	GlobalSection(SolutionProperties) = preSolution
		HideSolutionNode = FALSE
	EndGlobalSection
	GlobalSection(ExtensibilityGlobals) = postSolution
		SolutionGuid = {19BFFCF6-8A2A-4B2B-97BE-182CEA5E1219}
	EndGlobalSection
EndGlobal
